
Microsoft Visual Studio Solution File, Format Version 12.00
# Visual Studio Version 16
VisualStudioVersion = 16.0.28803.156
MinimumVisualStudioVersion = 10.0.40219.1
Project("{FAE04EC0-301F-11D3-BF4B-00C04F79EFBC}") = "PublicationHarvester", "PublicationHarvester\PublicationHarvester.csproj", "{D5749766-1882-4B8F-8B6D-80648D31FAF8}"
EndProject
Project("{FAE04EC0-301F-11D3-BF4B-00C04F79EFBC}") = "PubMed", "PubMed\PubMed.csproj", "{52C03C14-59CD-40E2-B16D-4E30608A0278}"
EndProject
Project("{FAE04EC0-301F-11D3-BF4B-00C04F79EFBC}") = "SCGen", "SCGen\SCGen.csproj", "{F46D614C-EDEE-4DEF-B421-5F9EB691ECB3}"
EndProject
Project("{FAE04EC0-301F-11D3-BF4B-00C04F79EFBC}") = "SocialNetworking", "SocialNetworking\SocialNetworking.csproj", "{551C1653-DF77-4387-B3DF-213623BA65B6}"
EndProject
Project("{FAE04EC0-301F-11D3-BF4B-00C04F79EFBC}") = "FindRelated", "FindRelated\FindRelated.csproj", "{69775575-D289-4D9A-B24E-03B826AED00C}"
EndProject
Project("{FAE04EC0-301F-11D3-BF4B-00C04F79EFBC}") = "ExportRdf", "ExportRdf\ExportRdf.csproj", "{81087552-D8BB-4D68-AF23-72751CD08777}"
EndProject
Project("{2150E333-8FDC-42A3-9474-1A3956D46DE8}") = ".nuget", ".nuget", "{1EDEC78E-03AB-4E75-A8ED-05A739ED0479}"
	ProjectSection(SolutionItems) = preProject
		.nuget\NuGet.Config = .nuget\NuGet.Config
		.nuget\NuGet.exe = .nuget\NuGet.exe
		.nuget\NuGet.targets = .nuget\NuGet.targets
	EndProjectSection
EndProject
Project("{FAE04EC0-301F-11D3-BF4B-00C04F79EFBC}") = "ExportRdfTests", "ExportRdfTests\ExportRdfTests.csproj", "{CD6E368F-6E7E-4715-8058-B77EA76D2E21}"
EndProject
Project("{FAE04EC0-301F-11D3-BF4B-00C04F79EFBC}") = "PackageDistribution", "PackageDistribution\PackageDistribution.proj", "{97C4DABD-C598-4170-B6E7-1FC8B15EA9A9}"
	ProjectSection(ProjectDependencies) = postProject
		{52C03C14-59CD-40E2-B16D-4E30608A0278} = {52C03C14-59CD-40E2-B16D-4E30608A0278}
		{F46D614C-EDEE-4DEF-B421-5F9EB691ECB3} = {F46D614C-EDEE-4DEF-B421-5F9EB691ECB3}
		{81087552-D8BB-4D68-AF23-72751CD08777} = {81087552-D8BB-4D68-AF23-72751CD08777}
		{551C1653-DF77-4387-B3DF-213623BA65B6} = {551C1653-DF77-4387-B3DF-213623BA65B6}
		{D5749766-1882-4B8F-8B6D-80648D31FAF8} = {D5749766-1882-4B8F-8B6D-80648D31FAF8}
		{69775575-D289-4D9A-B24E-03B826AED00C} = {69775575-D289-4D9A-B24E-03B826AED00C}
		{CD6E368F-6E7E-4715-8058-B77EA76D2E21} = {CD6E368F-6E7E-4715-8058-B77EA76D2E21}
	EndProjectSection
EndProject
Global
	GlobalSection(SolutionConfigurationPlatforms) = preSolution
		Debug|Any CPU = Debug|Any CPU
		Debug|Mixed Platforms = Debug|Mixed Platforms
		Debug|x86 = Debug|x86
		Release|Any CPU = Release|Any CPU
		Release|Mixed Platforms = Release|Mixed Platforms
		Release|x86 = Release|x86
	EndGlobalSection
	GlobalSection(ProjectConfigurationPlatforms) = postSolution
		{D5749766-1882-4B8F-8B6D-80648D31FAF8}.Debug|Any CPU.ActiveCfg = Debug|Any CPU
		{D5749766-1882-4B8F-8B6D-80648D31FAF8}.Debug|Any CPU.Build.0 = Debug|Any CPU
		{D5749766-1882-4B8F-8B6D-80648D31FAF8}.Debug|Mixed Platforms.ActiveCfg = Debug|Any CPU
		{D5749766-1882-4B8F-8B6D-80648D31FAF8}.Debug|Mixed Platforms.Build.0 = Debug|Any CPU
		{D5749766-1882-4B8F-8B6D-80648D31FAF8}.Debug|x86.ActiveCfg = Debug|Any CPU
		{D5749766-1882-4B8F-8B6D-80648D31FAF8}.Release|Any CPU.ActiveCfg = Release|Any CPU
		{D5749766-1882-4B8F-8B6D-80648D31FAF8}.Release|Any CPU.Build.0 = Release|Any CPU
		{D5749766-1882-4B8F-8B6D-80648D31FAF8}.Release|Mixed Platforms.ActiveCfg = Release|Any CPU
		{D5749766-1882-4B8F-8B6D-80648D31FAF8}.Release|Mixed Platforms.Build.0 = Release|Any CPU
		{D5749766-1882-4B8F-8B6D-80648D31FAF8}.Release|x86.ActiveCfg = Release|Any CPU
		{52C03C14-59CD-40E2-B16D-4E30608A0278}.Debug|Any CPU.ActiveCfg = Debug|Any CPU
		{52C03C14-59CD-40E2-B16D-4E30608A0278}.Debug|Any CPU.Build.0 = Debug|Any CPU
		{52C03C14-59CD-40E2-B16D-4E30608A0278}.Debug|Mixed Platforms.ActiveCfg = Debug|Any CPU
		{52C03C14-59CD-40E2-B16D-4E30608A0278}.Debug|Mixed Platforms.Build.0 = Debug|Any CPU
		{52C03C14-59CD-40E2-B16D-4E30608A0278}.Debug|x86.ActiveCfg = Debug|Any CPU
		{52C03C14-59CD-40E2-B16D-4E30608A0278}.Release|Any CPU.ActiveCfg = Release|Any CPU
		{52C03C14-59CD-40E2-B16D-4E30608A0278}.Release|Any CPU.Build.0 = Release|Any CPU
		{52C03C14-59CD-40E2-B16D-4E30608A0278}.Release|Mixed Platforms.ActiveCfg = Release|Any CPU
		{52C03C14-59CD-40E2-B16D-4E30608A0278}.Release|Mixed Platforms.Build.0 = Release|Any CPU
		{52C03C14-59CD-40E2-B16D-4E30608A0278}.Release|x86.ActiveCfg = Release|Any CPU
		{F46D614C-EDEE-4DEF-B421-5F9EB691ECB3}.Debug|Any CPU.ActiveCfg = Debug|Any CPU
		{F46D614C-EDEE-4DEF-B421-5F9EB691ECB3}.Debug|Any CPU.Build.0 = Debug|Any CPU
		{F46D614C-EDEE-4DEF-B421-5F9EB691ECB3}.Debug|Mixed Platforms.ActiveCfg = Debug|Any CPU
		{F46D614C-EDEE-4DEF-B421-5F9EB691ECB3}.Debug|Mixed Platforms.Build.0 = Debug|Any CPU
		{F46D614C-EDEE-4DEF-B421-5F9EB691ECB3}.Debug|x86.ActiveCfg = Debug|Any CPU
		{F46D614C-EDEE-4DEF-B421-5F9EB691ECB3}.Release|Any CPU.ActiveCfg = Release|Any CPU
		{F46D614C-EDEE-4DEF-B421-5F9EB691ECB3}.Release|Any CPU.Build.0 = Release|Any CPU
		{F46D614C-EDEE-4DEF-B421-5F9EB691ECB3}.Release|Mixed Platforms.ActiveCfg = Release|Any CPU
		{F46D614C-EDEE-4DEF-B421-5F9EB691ECB3}.Release|Mixed Platforms.Build.0 = Release|Any CPU
		{F46D614C-EDEE-4DEF-B421-5F9EB691ECB3}.Release|x86.ActiveCfg = Release|Any CPU
		{551C1653-DF77-4387-B3DF-213623BA65B6}.Debug|Any CPU.ActiveCfg = Debug|Any CPU
		{551C1653-DF77-4387-B3DF-213623BA65B6}.Debug|Any CPU.Build.0 = Debug|Any CPU
		{551C1653-DF77-4387-B3DF-213623BA65B6}.Debug|Mixed Platforms.ActiveCfg = Debug|Any CPU
		{551C1653-DF77-4387-B3DF-213623BA65B6}.Debug|Mixed Platforms.Build.0 = Debug|Any CPU
		{551C1653-DF77-4387-B3DF-213623BA65B6}.Debug|x86.ActiveCfg = Debug|Any CPU
		{551C1653-DF77-4387-B3DF-213623BA65B6}.Release|Any CPU.ActiveCfg = Release|Any CPU
		{551C1653-DF77-4387-B3DF-213623BA65B6}.Release|Any CPU.Build.0 = Release|Any CPU
		{551C1653-DF77-4387-B3DF-213623BA65B6}.Release|Mixed Platforms.ActiveCfg = Release|Any CPU
		{551C1653-DF77-4387-B3DF-213623BA65B6}.Release|Mixed Platforms.Build.0 = Release|Any CPU
		{551C1653-DF77-4387-B3DF-213623BA65B6}.Release|x86.ActiveCfg = Release|Any CPU
		{69775575-D289-4D9A-B24E-03B826AED00C}.Debug|Any CPU.ActiveCfg = Debug|x86
		{69775575-D289-4D9A-B24E-03B826AED00C}.Debug|Mixed Platforms.ActiveCfg = Debug|x86
		{69775575-D289-4D9A-B24E-03B826AED00C}.Debug|Mixed Platforms.Build.0 = Debug|x86
		{69775575-D289-4D9A-B24E-03B826AED00C}.Debug|x86.ActiveCfg = Debug|x86
		{69775575-D289-4D9A-B24E-03B826AED00C}.Debug|x86.Build.0 = Debug|x86
		{69775575-D289-4D9A-B24E-03B826AED00C}.Release|Any CPU.ActiveCfg = Release|x86
		{69775575-D289-4D9A-B24E-03B826AED00C}.Release|Mixed Platforms.ActiveCfg = Release|x86
		{69775575-D289-4D9A-B24E-03B826AED00C}.Release|Mixed Platforms.Build.0 = Release|x86
		{69775575-D289-4D9A-B24E-03B826AED00C}.Release|x86.ActiveCfg = Release|x86
		{69775575-D289-4D9A-B24E-03B826AED00C}.Release|x86.Build.0 = Release|x86
		{81087552-D8BB-4D68-AF23-72751CD08777}.Debug|Any CPU.ActiveCfg = Debug|Any CPU
		{81087552-D8BB-4D68-AF23-72751CD08777}.Debug|Any CPU.Build.0 = Debug|Any CPU
		{81087552-D8BB-4D68-AF23-72751CD08777}.Debug|Mixed Platforms.ActiveCfg = Debug|Any CPU
		{81087552-D8BB-4D68-AF23-72751CD08777}.Debug|Mixed Platforms.Build.0 = Debug|Any CPU
		{81087552-D8BB-4D68-AF23-72751CD08777}.Debug|x86.ActiveCfg = Debug|Any CPU
		{81087552-D8BB-4D68-AF23-72751CD08777}.Release|Any CPU.ActiveCfg = Release|Any CPU
		{81087552-D8BB-4D68-AF23-72751CD08777}.Release|Any CPU.Build.0 = Release|Any CPU
		{81087552-D8BB-4D68-AF23-72751CD08777}.Release|Mixed Platforms.ActiveCfg = Release|Any CPU
		{81087552-D8BB-4D68-AF23-72751CD08777}.Release|Mixed Platforms.Build.0 = Release|Any CPU
		{81087552-D8BB-4D68-AF23-72751CD08777}.Release|x86.ActiveCfg = Release|Any CPU
		{CD6E368F-6E7E-4715-8058-B77EA76D2E21}.Debug|Any CPU.ActiveCfg = Debug|Any CPU
		{CD6E368F-6E7E-4715-8058-B77EA76D2E21}.Debug|Any CPU.Build.0 = Debug|Any CPU
		{CD6E368F-6E7E-4715-8058-B77EA76D2E21}.Debug|Mixed Platforms.ActiveCfg = Debug|Any CPU
		{CD6E368F-6E7E-4715-8058-B77EA76D2E21}.Debug|Mixed Platforms.Build.0 = Debug|Any CPU
		{CD6E368F-6E7E-4715-8058-B77EA76D2E21}.Debug|x86.ActiveCfg = Debug|Any CPU
		{CD6E368F-6E7E-4715-8058-B77EA76D2E21}.Release|Any CPU.ActiveCfg = Release|Any CPU
		{CD6E368F-6E7E-4715-8058-B77EA76D2E21}.Release|Any CPU.Build.0 = Release|Any CPU
		{CD6E368F-6E7E-4715-8058-B77EA76D2E21}.Release|Mixed Platforms.ActiveCfg = Release|Any CPU
		{CD6E368F-6E7E-4715-8058-B77EA76D2E21}.Release|Mixed Platforms.Build.0 = Release|Any CPU
		{CD6E368F-6E7E-4715-8058-B77EA76D2E21}.Release|x86.ActiveCfg = Release|Any CPU
		{97C4DABD-C598-4170-B6E7-1FC8B15EA9A9}.Debug|Any CPU.ActiveCfg = Debug|x86
		{97C4DABD-C598-4170-B6E7-1FC8B15EA9A9}.Debug|Mixed Platforms.ActiveCfg = Debug|x86
		{97C4DABD-C598-4170-B6E7-1FC8B15EA9A9}.Debug|Mixed Platforms.Build.0 = Debug|x86
		{97C4DABD-C598-4170-B6E7-1FC8B15EA9A9}.Debug|x86.ActiveCfg = Debug|x86
		{97C4DABD-C598-4170-B6E7-1FC8B15EA9A9}.Debug|x86.Build.0 = Debug|x86
		{97C4DABD-C598-4170-B6E7-1FC8B15EA9A9}.Release|Any CPU.ActiveCfg = Debug|x86
		{97C4DABD-C598-4170-B6E7-1FC8B15EA9A9}.Release|Any CPU.Build.0 = Debug|x86
		{97C4DABD-C598-4170-B6E7-1FC8B15EA9A9}.Release|Mixed Platforms.ActiveCfg = Debug|x86
		{97C4DABD-C598-4170-B6E7-1FC8B15EA9A9}.Release|Mixed Platforms.Build.0 = Debug|x86
		{97C4DABD-C598-4170-B6E7-1FC8B15EA9A9}.Release|x86.ActiveCfg = Debug|x86
		{97C4DABD-C598-4170-B6E7-1FC8B15EA9A9}.Release|x86.Build.0 = Debug|x86
	EndGlobalSection
	GlobalSection(SolutionProperties) = preSolution
		HideSolutionNode = FALSE
	EndGlobalSection
	GlobalSection(ExtensibilityGlobals) = postSolution
		SolutionGuid = {CED8347F-9755-4C74-B07F-7859CD0C6B3B}
	EndGlobalSection
EndGlobal
